
Microsoft Visual Studio Solution File, Format Version 12.00
# Visual Studio Version 16
VisualStudioVersion = 16.0.29230.47
MinimumVisualStudioVersion = 10.0.40219.1
Project("{FAE04EC0-301F-11D3-BF4B-00C04F79EFBC}") = "A Very Big Sum", "A Very Big Sum\A Very Big Sum.csproj", "{2B874648-BE00-4AC3-9A22-171563EA74B0}"
EndProject
Global
	GlobalSection(SolutionConfigurationPlatforms) = preSolution
		Debug|Any CPU = Debug|Any CPU
		Release|Any CPU = Release|Any CPU
	EndGlobalSection
	GlobalSection(ProjectConfigurationPlatforms) = postSolution
		{2B874648-BE00-4AC3-9A22-171563EA74B0}.Debug|Any CPU.ActiveCfg = Debug|Any CPU
		{2B874648-BE00-4AC3-9A22-171563EA74B0}.Debug|Any CPU.Build.0 = Debug|Any CPU
		{2B874648-BE00-4AC3-9A22-171563EA74B0}.Release|Any CPU.ActiveCfg = Release|Any CPU
		{2B874648-BE00-4AC3-9A22-171563EA74B0}.Release|Any CPU.Build.0 = Release|Any CPU
	EndGlobalSection
	GlobalSection(SolutionProperties) = preSolution
		HideSolutionNode = FALSE
	EndGlobalSection
	GlobalSection(ExtensibilityGlobals) = postSolution
		SolutionGuid = {EEF0D303-15A6-48E0-9BC2-7F759ABF527C}
	EndGlobalSection
EndGlobal
