
Microsoft Visual Studio Solution File, Format Version 12.00
# Visual Studio Version 16
VisualStudioVersion = 16.0.29230.47
MinimumVisualStudioVersion = 10.0.40219.1
Project("{FAE04EC0-301F-11D3-BF4B-00C04F79EFBC}") = "SimpleArraySum", "SimpleArraySum\SimpleArraySum.csproj", "{0D037B82-1A6F-444A-A1A7-32C006C519D1}"
EndProject
Global
	GlobalSection(SolutionConfigurationPlatforms) = preSolution
		Debug|Any CPU = Debug|Any CPU
		Release|Any CPU = Release|Any CPU
	EndGlobalSection
	GlobalSection(ProjectConfigurationPlatforms) = postSolution
		{0D037B82-1A6F-444A-A1A7-32C006C519D1}.Debug|Any CPU.ActiveCfg = Debug|Any CPU
		{0D037B82-1A6F-444A-A1A7-32C006C519D1}.Debug|Any CPU.Build.0 = Debug|Any CPU
		{0D037B82-1A6F-444A-A1A7-32C006C519D1}.Release|Any CPU.ActiveCfg = Release|Any CPU
		{0D037B82-1A6F-444A-A1A7-32C006C519D1}.Release|Any CPU.Build.0 = Release|Any CPU
	EndGlobalSection
	GlobalSection(SolutionProperties) = preSolution
		HideSolutionNode = FALSE
	EndGlobalSection
	GlobalSection(ExtensibilityGlobals) = postSolution
		SolutionGuid = {473C1E6B-80E9-466B-B0A2-D61BF5FEC75A}
	EndGlobalSection
EndGlobal
