
Microsoft Visual Studio Solution File, Format Version 12.00
# Visual Studio 15
VisualStudioVersion = 15.0.28307.438
MinimumVisualStudioVersion = 10.0.40219.1
Project("{FAE04EC0-301F-11D3-BF4B-00C04F79EFBC}") = "Apple And Orange", "Apple And Orange\Apple And Orange.csproj", "{9EE7CC2D-34F4-4975-96B7-2A51AA627B05}"
EndProject
Global
	GlobalSection(SolutionConfigurationPlatforms) = preSolution
		Debug|Any CPU = Debug|Any CPU
		Release|Any CPU = Release|Any CPU
	EndGlobalSection
	GlobalSection(ProjectConfigurationPlatforms) = postSolution
		{9EE7CC2D-34F4-4975-96B7-2A51AA627B05}.Debug|Any CPU.ActiveCfg = Debug|Any CPU
		{9EE7CC2D-34F4-4975-96B7-2A51AA627B05}.Debug|Any CPU.Build.0 = Debug|Any CPU
		{9EE7CC2D-34F4-4975-96B7-2A51AA627B05}.Release|Any CPU.ActiveCfg = Release|Any CPU
		{9EE7CC2D-34F4-4975-96B7-2A51AA627B05}.Release|Any CPU.Build.0 = Release|Any CPU
	EndGlobalSection
	GlobalSection(SolutionProperties) = preSolution
		HideSolutionNode = FALSE
	EndGlobalSection
	GlobalSection(ExtensibilityGlobals) = postSolution
		SolutionGuid = {B2FEA52A-18A1-4E8F-A3B7-9DD3FAFD54E0}
	EndGlobalSection
EndGlobal
